
Microsoft Visual Studio Solution File, Format Version 12.00
# Visual Studio Version 17
VisualStudioVersion = 17.7.34009.444
MinimumVisualStudioVersion = 10.0.40219.1
Project("{9A19103F-16F7-4668-BE54-9A1E7A4F7556}") = "WorkerUCABService", "WorkerUCABService\WorkerUCABService.csproj", "{D5D5811B-7CA2-4A2B-8C77-F4994DABB603}"
EndProject
Project("{54435603-DBB4-11D2-8724-00A0C9A8B90C}") = "UCABService", "UCABService\UCABService.vdproj", "{17B390EB-FB3A-45B7-8E2B-8E146ED0747E}"
EndProject
Global
	GlobalSection(SolutionConfigurationPlatforms) = preSolution
		Debug|Any CPU = Debug|Any CPU
		Release|Any CPU = Release|Any CPU
	EndGlobalSection
	GlobalSection(ProjectConfigurationPlatforms) = postSolution
		{D5D5811B-7CA2-4A2B-8C77-F4994DABB603}.Debug|Any CPU.ActiveCfg = Debug|Any CPU
		{D5D5811B-7CA2-4A2B-8C77-F4994DABB603}.Debug|Any CPU.Build.0 = Debug|Any CPU
		{D5D5811B-7CA2-4A2B-8C77-F4994DABB603}.Release|Any CPU.ActiveCfg = Release|Any CPU
		{D5D5811B-7CA2-4A2B-8C77-F4994DABB603}.Release|Any CPU.Build.0 = Release|Any CPU
		{17B390EB-FB3A-45B7-8E2B-8E146ED0747E}.Debug|Any CPU.ActiveCfg = Debug
		{17B390EB-FB3A-45B7-8E2B-8E146ED0747E}.Release|Any CPU.ActiveCfg = Release
	EndGlobalSection
	GlobalSection(SolutionProperties) = preSolution
		HideSolutionNode = FALSE
	EndGlobalSection
	GlobalSection(ExtensibilityGlobals) = postSolution
		SolutionGuid = {417D872C-EED5-4E72-97DC-7ADA2B99BA77}
	EndGlobalSection
EndGlobal
